
Microsoft Visual Studio Solution File, Format Version 12.00
# Visual Studio Version 17
VisualStudioVersion = 17.9.34607.119
MinimumVisualStudioVersion = 10.0.40219.1
Project("{888888A0-9F3D-457C-B088-3A5042F75D52}") = "Diplom2", "Diplom2.pyproj", "{84519AD3-6A24-4F0F-97E4-58333F0039D7}"
EndProject
Global
	GlobalSection(SolutionConfigurationPlatforms) = preSolution
		Debug|Any CPU = Debug|Any CPU
		Release|Any CPU = Release|Any CPU
	EndGlobalSection
	GlobalSection(ProjectConfigurationPlatforms) = postSolution
		{84519AD3-6A24-4F0F-97E4-58333F0039D7}.Debug|Any CPU.ActiveCfg = Debug|Any CPU
		{84519AD3-6A24-4F0F-97E4-58333F0039D7}.Release|Any CPU.ActiveCfg = Release|Any CPU
	EndGlobalSection
	GlobalSection(SolutionProperties) = preSolution
		HideSolutionNode = FALSE
	EndGlobalSection
	GlobalSection(ExtensibilityGlobals) = postSolution
		SolutionGuid = {BCBE0FBC-F061-47C8-976B-60B5E4FC02DE}
	EndGlobalSection
EndGlobal
